
Microsoft Visual Studio Solution File, Format Version 12.00
# Visual Studio Version 16
VisualStudioVersion = 16.0.30104.148
MinimumVisualStudioVersion = 10.0.40219.1
Project("{FAE04EC0-301F-11D3-BF4B-00C04F79EFBC}") = "BookListRazor", "BookListRazor\BookListRazor.csproj", "{08B07EC8-756A-4110-91E9-172B37810E09}"
EndProject
Global
	GlobalSection(SolutionConfigurationPlatforms) = preSolution
		Debug|Any CPU = Debug|Any CPU
		Release|Any CPU = Release|Any CPU
	EndGlobalSection
	GlobalSection(ProjectConfigurationPlatforms) = postSolution
		{08B07EC8-756A-4110-91E9-172B37810E09}.Debug|Any CPU.ActiveCfg = Debug|Any CPU
		{08B07EC8-756A-4110-91E9-172B37810E09}.Debug|Any CPU.Build.0 = Debug|Any CPU
		{08B07EC8-756A-4110-91E9-172B37810E09}.Release|Any CPU.ActiveCfg = Release|Any CPU
		{08B07EC8-756A-4110-91E9-172B37810E09}.Release|Any CPU.Build.0 = Release|Any CPU
	EndGlobalSection
	GlobalSection(SolutionProperties) = preSolution
		HideSolutionNode = FALSE
	EndGlobalSection
	GlobalSection(ExtensibilityGlobals) = postSolution
		SolutionGuid = {81887CBD-0A04-4480-A8BB-962ABEC6F8B5}
	EndGlobalSection
EndGlobal
